
Microsoft Visual Studio Solution File, Format Version 12.00
# Visual Studio Version 16
VisualStudioVersion = 16.0.29509.3
MinimumVisualStudioVersion = 10.0.40219.1
Project("{9A19103F-16F7-4668-BE54-9A1E7A4F7556}") = "WebApplication1", "WebApplication1\WebApplication1.csproj", "{985703F1-1AEF-404A-81A4-1226C407760C}"
EndProject
Project("{9A19103F-16F7-4668-BE54-9A1E7A4F7556}") = "WebApplication2", "WebApplication2\WebApplication2.csproj", "{919FADDB-B8BB-4D8A-BE70-6826845631BB}"
EndProject
Project("{9A19103F-16F7-4668-BE54-9A1E7A4F7556}") = "WebApplication3", "WebApplication3\WebApplication3.csproj", "{90784511-9706-4505-8903-6DDCF443D1A5}"
EndProject
Project("{9A19103F-16F7-4668-BE54-9A1E7A4F7556}") = "BlazorApp1", "BlazorApp1\BlazorApp1.csproj", "{AE24FF0E-C1C8-474A-8B25-C581F81A5483}"
EndProject
Project("{FAE04EC0-301F-11D3-BF4B-00C04F79EFBC}") = "GrpcGreeterClient", "GrpcGreeterClient\GrpcGreeterClient.csproj", "{6812CCB2-3256-4E6F-B61D-A13AE088A5B9}"
EndProject
Project("{FAE04EC0-301F-11D3-BF4B-00C04F79EFBC}") = "GrpcGreeter1", "GrpcGreeter1\GrpcGreeter1.csproj", "{7741A7A3-DF25-42F2-A4A4-736B51434723}"
EndProject
Global
	GlobalSection(SolutionConfigurationPlatforms) = preSolution
		Debug|Any CPU = Debug|Any CPU
		Release|Any CPU = Release|Any CPU
	EndGlobalSection
	GlobalSection(ProjectConfigurationPlatforms) = postSolution
		{985703F1-1AEF-404A-81A4-1226C407760C}.Debug|Any CPU.ActiveCfg = Debug|Any CPU
		{985703F1-1AEF-404A-81A4-1226C407760C}.Debug|Any CPU.Build.0 = Debug|Any CPU
		{985703F1-1AEF-404A-81A4-1226C407760C}.Release|Any CPU.ActiveCfg = Release|Any CPU
		{985703F1-1AEF-404A-81A4-1226C407760C}.Release|Any CPU.Build.0 = Release|Any CPU
		{919FADDB-B8BB-4D8A-BE70-6826845631BB}.Debug|Any CPU.ActiveCfg = Debug|Any CPU
		{919FADDB-B8BB-4D8A-BE70-6826845631BB}.Debug|Any CPU.Build.0 = Debug|Any CPU
		{919FADDB-B8BB-4D8A-BE70-6826845631BB}.Release|Any CPU.ActiveCfg = Release|Any CPU
		{919FADDB-B8BB-4D8A-BE70-6826845631BB}.Release|Any CPU.Build.0 = Release|Any CPU
		{90784511-9706-4505-8903-6DDCF443D1A5}.Debug|Any CPU.ActiveCfg = Debug|Any CPU
		{90784511-9706-4505-8903-6DDCF443D1A5}.Debug|Any CPU.Build.0 = Debug|Any CPU
		{90784511-9706-4505-8903-6DDCF443D1A5}.Release|Any CPU.ActiveCfg = Release|Any CPU
		{90784511-9706-4505-8903-6DDCF443D1A5}.Release|Any CPU.Build.0 = Release|Any CPU
		{AE24FF0E-C1C8-474A-8B25-C581F81A5483}.Debug|Any CPU.ActiveCfg = Debug|Any CPU
		{AE24FF0E-C1C8-474A-8B25-C581F81A5483}.Debug|Any CPU.Build.0 = Debug|Any CPU
		{AE24FF0E-C1C8-474A-8B25-C581F81A5483}.Release|Any CPU.ActiveCfg = Release|Any CPU
		{AE24FF0E-C1C8-474A-8B25-C581F81A5483}.Release|Any CPU.Build.0 = Release|Any CPU
		{6812CCB2-3256-4E6F-B61D-A13AE088A5B9}.Debug|Any CPU.ActiveCfg = Debug|Any CPU
		{6812CCB2-3256-4E6F-B61D-A13AE088A5B9}.Debug|Any CPU.Build.0 = Debug|Any CPU
		{6812CCB2-3256-4E6F-B61D-A13AE088A5B9}.Release|Any CPU.ActiveCfg = Release|Any CPU
		{6812CCB2-3256-4E6F-B61D-A13AE088A5B9}.Release|Any CPU.Build.0 = Release|Any CPU
		{7741A7A3-DF25-42F2-A4A4-736B51434723}.Debug|Any CPU.ActiveCfg = Debug|Any CPU
		{7741A7A3-DF25-42F2-A4A4-736B51434723}.Debug|Any CPU.Build.0 = Debug|Any CPU
		{7741A7A3-DF25-42F2-A4A4-736B51434723}.Release|Any CPU.ActiveCfg = Release|Any CPU
		{7741A7A3-DF25-42F2-A4A4-736B51434723}.Release|Any CPU.Build.0 = Release|Any CPU
	EndGlobalSection
	GlobalSection(SolutionProperties) = preSolution
		HideSolutionNode = FALSE
	EndGlobalSection
	GlobalSection(ExtensibilityGlobals) = postSolution
		SolutionGuid = {374817D9-E0BD-4C15-8828-33C1FC3D0E56}
	EndGlobalSection
EndGlobal
